
Microsoft Visual Studio Solution File, Format Version 12.00
# Visual Studio Version 17
VisualStudioVersion = 17.2.32630.192
MinimumVisualStudioVersion = 10.0.40219.1
Project("{FAE04EC0-301F-11D3-BF4B-00C04F79EFBC}") = "MaxByGenererics", "MaxByGenererics.csproj", "{59709F4D-979D-447D-9C07-2C5B7DB1DEEA}"
EndProject
Global
	GlobalSection(SolutionConfigurationPlatforms) = preSolution
		Debug|Any CPU = Debug|Any CPU
		Release|Any CPU = Release|Any CPU
	EndGlobalSection
	GlobalSection(ProjectConfigurationPlatforms) = postSolution
		{59709F4D-979D-447D-9C07-2C5B7DB1DEEA}.Debug|Any CPU.ActiveCfg = Debug|Any CPU
		{59709F4D-979D-447D-9C07-2C5B7DB1DEEA}.Debug|Any CPU.Build.0 = Debug|Any CPU
		{59709F4D-979D-447D-9C07-2C5B7DB1DEEA}.Release|Any CPU.ActiveCfg = Release|Any CPU
		{59709F4D-979D-447D-9C07-2C5B7DB1DEEA}.Release|Any CPU.Build.0 = Release|Any CPU
	EndGlobalSection
	GlobalSection(SolutionProperties) = preSolution
		HideSolutionNode = FALSE
	EndGlobalSection
	GlobalSection(ExtensibilityGlobals) = postSolution
		SolutionGuid = {99FDA353-E50C-43B1-B62D-F031D9167533}
	EndGlobalSection
EndGlobal
